
Microsoft Visual Studio Solution File, Format Version 12.00
# Visual Studio Version 17
VisualStudioVersion = 17.6.33723.286
MinimumVisualStudioVersion = 10.0.40219.1
Project("{FAE04EC0-301F-11D3-BF4B-00C04F79EFBC}") = "VyaparCopy2", "VyaparCopy2\VyaparCopy2.csproj", "{5AD776A1-83B3-4CBB-8056-CF907D8CEF8B}"
EndProject
Global
	GlobalSection(SolutionConfigurationPlatforms) = preSolution
		Debug|Any CPU = Debug|Any CPU
		Release|Any CPU = Release|Any CPU
	EndGlobalSection
	GlobalSection(ProjectConfigurationPlatforms) = postSolution
		{5AD776A1-83B3-4CBB-8056-CF907D8CEF8B}.Debug|Any CPU.ActiveCfg = Debug|Any CPU
		{5AD776A1-83B3-4CBB-8056-CF907D8CEF8B}.Debug|Any CPU.Build.0 = Debug|Any CPU
		{5AD776A1-83B3-4CBB-8056-CF907D8CEF8B}.Release|Any CPU.ActiveCfg = Release|Any CPU
		{5AD776A1-83B3-4CBB-8056-CF907D8CEF8B}.Release|Any CPU.Build.0 = Release|Any CPU
	EndGlobalSection
	GlobalSection(SolutionProperties) = preSolution
		HideSolutionNode = FALSE
	EndGlobalSection
	GlobalSection(ExtensibilityGlobals) = postSolution
		SolutionGuid = {C817919D-5698-4634-913E-59565C3F65DE}
	EndGlobalSection
EndGlobal
